# THIS IS AN AUTOGENERATED FILE. DO NOT EDIT THIS FILE DIRECTLY.
# yarn lockfile v1


"@chakra-ui/icon@3.0.16":
  version "3.0.16"
  resolved "https://registry.yarnpkg.com/@chakra-ui/icon/-/icon-3.0.16.tgz#6413ec637c0c3acc204301485f05451b5bcd6ba4"
  integrity sha512-RpA1X5Ptz8Mt39HSyEIW1wxAz2AXyf9H0JJ5HVx/dBdMZaGMDJ0HyyPBVci0m4RCoJuyG1HHG/DXJaVfUTVAeg==
  dependencies:
    "@chakra-ui/shared-utils" "2.0.5"

"@chakra-ui/icons@^2.0.19":
  version "2.0.19"
  resolved "https://registry.yarnpkg.com/@chakra-ui/icons/-/icons-2.0.19.tgz#b4581a59c2e2a2b95b01ab251eabb8cf984bb00f"
  integrity sha512-0A6U1ZBZhLIxh3QgdjuvIEhAZi3B9v8g6Qvlfa3mu6vSnXQn2CHBZXmJwxpXxO40NK/2gj/gKXrLeUaFR6H/Qw==
  dependencies:
    "@chakra-ui/icon" "3.0.16"

"@chakra-ui/shared-utils@2.0.5":
  version "2.0.5"
  resolved "https://registry.yarnpkg.com/@chakra-ui/shared-utils/-/shared-utils-2.0.5.tgz#cb2b49705e113853647f1822142619570feba081"
  integrity sha512-4/Wur0FqDov7Y0nCXl7HbHzCg4aq86h+SXdoUeuCMD3dSj7dpsVnStLYhng1vxvlbUnLpdF4oz5Myt3i/a7N3Q==

use-local-storage@^3.0.0:
  version "3.0.0"
  resolved "https://registry.yarnpkg.com/use-local-storage/-/use-local-storage-3.0.0.tgz#ecf90952374150f0c65baf027eaaf2062a4c20c6"
  integrity sha512-wlPNnBCG3ULIJMr5A+dvWqLiPWCfsN1Kwijq+sAhT5yV4ex0u6XmZuNwP+RerIOfzBuz1pwSZuzhZMiluGQHfQ==
